
Microsoft Visual Studio Solution File, Format Version 12.00
# Visual Studio Version 17
VisualStudioVersion = 17.14.36414.22 d17.14
MinimumVisualStudioVersion = 10.0.40219.1
Project("{FAE04EC0-301F-11D3-BF4B-00C04F79EFBC}") = "CustomerAPIApp", "CustomerAPIApp.csproj", "{77AC8DF3-797E-4E99-8213-082C8D74E417}"
EndProject
Global
	GlobalSection(SolutionConfigurationPlatforms) = preSolution
		Debug|Any CPU = Debug|Any CPU
		Release|Any CPU = Release|Any CPU
	EndGlobalSection
	GlobalSection(ProjectConfigurationPlatforms) = postSolution
		{77AC8DF3-797E-4E99-8213-082C8D74E417}.Debug|Any CPU.ActiveCfg = Debug|Any CPU
		{77AC8DF3-797E-4E99-8213-082C8D74E417}.Debug|Any CPU.Build.0 = Debug|Any CPU
		{77AC8DF3-797E-4E99-8213-082C8D74E417}.Release|Any CPU.ActiveCfg = Release|Any CPU
		{77AC8DF3-797E-4E99-8213-082C8D74E417}.Release|Any CPU.Build.0 = Release|Any CPU
	EndGlobalSection
	GlobalSection(SolutionProperties) = preSolution
		HideSolutionNode = FALSE
	EndGlobalSection
	GlobalSection(ExtensibilityGlobals) = postSolution
		SolutionGuid = {B1EC728D-B257-4B45-8C07-C976B2D6C392}
	EndGlobalSection
EndGlobal
